
Microsoft Visual Studio Solution File, Format Version 12.00
# Visual Studio Version 17
VisualStudioVersion = 17.8.34511.84
MinimumVisualStudioVersion = 10.0.40219.1
Project("{FAE04EC0-301F-11D3-BF4B-00C04F79EFBC}") = "selfpocketgenieapi", "selfpocketgenieapi\selfpocketgenieapi.csproj", "{4D69E6E9-8DE4-44AE-9097-06F0F743679E}"
EndProject
Global
	GlobalSection(SolutionConfigurationPlatforms) = preSolution
		Debug|Any CPU = Debug|Any CPU
		Release|Any CPU = Release|Any CPU
	EndGlobalSection
	GlobalSection(ProjectConfigurationPlatforms) = postSolution
		{4D69E6E9-8DE4-44AE-9097-06F0F743679E}.Debug|Any CPU.ActiveCfg = Debug|Any CPU
		{4D69E6E9-8DE4-44AE-9097-06F0F743679E}.Debug|Any CPU.Build.0 = Debug|Any CPU
		{4D69E6E9-8DE4-44AE-9097-06F0F743679E}.Release|Any CPU.ActiveCfg = Release|Any CPU
		{4D69E6E9-8DE4-44AE-9097-06F0F743679E}.Release|Any CPU.Build.0 = Release|Any CPU
	EndGlobalSection
	GlobalSection(SolutionProperties) = preSolution
		HideSolutionNode = FALSE
	EndGlobalSection
	GlobalSection(ExtensibilityGlobals) = postSolution
		SolutionGuid = {75E14398-F200-45EE-93E5-15D0BFEEF315}
	EndGlobalSection
EndGlobal
